
Microsoft Visual Studio Solution File, Format Version 12.00
# Visual Studio Version 17
VisualStudioVersion = 17.0.31903.59
MinimumVisualStudioVersion = 10.0.40219.1
Project("{FAE04EC0-301F-11D3-BF4B-00C04F79EFBC}") = "API", "API\API.csproj", "{097CB5AF-EC54-4BD2-9F98-2568F34C6AD9}"
EndProject
Project("{FAE04EC0-301F-11D3-BF4B-00C04F79EFBC}") = "Application", "Application\Application.csproj", "{8CF67E37-2680-45ED-BC38-02F3BED83249}"
EndProject
Project("{FAE04EC0-301F-11D3-BF4B-00C04F79EFBC}") = "Domain", "Domain\Domain.csproj", "{66CFE927-0B64-4330-BC28-90EB502EC0A1}"
EndProject
Project("{FAE04EC0-301F-11D3-BF4B-00C04F79EFBC}") = "Persistence", "Persistence\Persistence.csproj", "{C787D1B1-CE21-420B-962B-7E6A0AE06B9F}"
EndProject
Project("{FAE04EC0-301F-11D3-BF4B-00C04F79EFBC}") = "Infrastructure", "Infrastructure\Infrastructure.csproj", "{409D8465-F50D-40E9-A857-4A7AD5CB28B0}"
EndProject
Global
	GlobalSection(SolutionConfigurationPlatforms) = preSolution
		Debug|Any CPU = Debug|Any CPU
		Release|Any CPU = Release|Any CPU
	EndGlobalSection
	GlobalSection(SolutionProperties) = preSolution
		HideSolutionNode = FALSE
	EndGlobalSection
	GlobalSection(ProjectConfigurationPlatforms) = postSolution
		{097CB5AF-EC54-4BD2-9F98-2568F34C6AD9}.Debug|Any CPU.ActiveCfg = Debug|Any CPU
		{097CB5AF-EC54-4BD2-9F98-2568F34C6AD9}.Debug|Any CPU.Build.0 = Debug|Any CPU
		{097CB5AF-EC54-4BD2-9F98-2568F34C6AD9}.Release|Any CPU.ActiveCfg = Release|Any CPU
		{097CB5AF-EC54-4BD2-9F98-2568F34C6AD9}.Release|Any CPU.Build.0 = Release|Any CPU
		{8CF67E37-2680-45ED-BC38-02F3BED83249}.Debug|Any CPU.ActiveCfg = Debug|Any CPU
		{8CF67E37-2680-45ED-BC38-02F3BED83249}.Debug|Any CPU.Build.0 = Debug|Any CPU
		{8CF67E37-2680-45ED-BC38-02F3BED83249}.Release|Any CPU.ActiveCfg = Release|Any CPU
		{8CF67E37-2680-45ED-BC38-02F3BED83249}.Release|Any CPU.Build.0 = Release|Any CPU
		{66CFE927-0B64-4330-BC28-90EB502EC0A1}.Debug|Any CPU.ActiveCfg = Debug|Any CPU
		{66CFE927-0B64-4330-BC28-90EB502EC0A1}.Debug|Any CPU.Build.0 = Debug|Any CPU
		{66CFE927-0B64-4330-BC28-90EB502EC0A1}.Release|Any CPU.ActiveCfg = Release|Any CPU
		{66CFE927-0B64-4330-BC28-90EB502EC0A1}.Release|Any CPU.Build.0 = Release|Any CPU
		{C787D1B1-CE21-420B-962B-7E6A0AE06B9F}.Debug|Any CPU.ActiveCfg = Debug|Any CPU
		{C787D1B1-CE21-420B-962B-7E6A0AE06B9F}.Debug|Any CPU.Build.0 = Debug|Any CPU
		{C787D1B1-CE21-420B-962B-7E6A0AE06B9F}.Release|Any CPU.ActiveCfg = Release|Any CPU
		{C787D1B1-CE21-420B-962B-7E6A0AE06B9F}.Release|Any CPU.Build.0 = Release|Any CPU
		{409D8465-F50D-40E9-A857-4A7AD5CB28B0}.Debug|Any CPU.ActiveCfg = Debug|Any CPU
		{409D8465-F50D-40E9-A857-4A7AD5CB28B0}.Debug|Any CPU.Build.0 = Debug|Any CPU
		{409D8465-F50D-40E9-A857-4A7AD5CB28B0}.Release|Any CPU.ActiveCfg = Release|Any CPU
		{409D8465-F50D-40E9-A857-4A7AD5CB28B0}.Release|Any CPU.Build.0 = Release|Any CPU
	EndGlobalSection
EndGlobal
